PODS:
  - VonageClientSDKVoice (1.0.1-alpha.1):
    - VonageWebRTC (~> 99.2.39)
  - VonageWebRTC (99.2.39)

DEPENDENCIES:
  - VonageClientSDKVoice (= 1.0.1-alpha.1)

SPEC REPOS:
  trunk:
    - VonageClientSDKVoice
    - VonageWebRTC

SPEC CHECKSUMS:
  VonageClientSDKVoice: d6325007387fc42c9777f7944ff19c8be7dd29d1
  VonageWebRTC: 4b57187170ef4ea435006e932600646a0521d6b0

PODFILE CHECKSUM: 2cbdeb99789169b16e16945f42779ecf7443f029

COCOAPODS: 1.11.3
